{"nodes":{"bun2nix":{"inputs":{"flake-parts":["llm-agents","flake-parts"],"nixpkgs":["llm-agents","nixpkgs"],"systems":["llm-agents","systems"],"treefmt-nix":["llm-agents","treefmt-nix"]},"locked":{"lastModified":1784665499,"narHash":"sha256-9BMxlTxCCDAeoNLtb1a/st7udtTIJep+wpUzquA29VU=","owner":"nix-community","repo":"bun2nix","rev":"0f2a1f0b6f42cebe3b149bf62d38754c5e0e9729","type":"github"},"original":{"owner":"nix-community","repo":"bun2nix","type":"github"}},"caelestia-cli":{"inputs":{"caelestia-shell":["caelestia-shell"],"nixpkgs":["caelestia-shell","nixpkgs"]},"locked":{"lastModified":1786071436,"narHash":"sha256-/CQJ781dRGWWUMrJ34vIj1PQnNEEWgnEEuod0r5LKGk=","owner":"caelestia-dots","repo":"cli","rev":"751fbc555a83faba5dd589270d14eeb22afab174","type":"github"},"original":{"owner":"caelestia-dots","repo":"cli","type":"github"}},"caelestia-shell":{"inputs":{"caelestia-cli":"caelestia-cli","m3shapes":"m3shapes","nixpkgs":["nixpkgs"],"quickshell":"quickshell"},"locked":{"lastModified":1786238888,"narHash":"sha256-pnO0u0UUYwkr72pJR5Giu93LZfU/fhTKJZYa1xeM7Po=","owner":"caelestia-dots","repo":"shell","rev":"817a220e8e87c4df9f3681033a0d8a8054cdaa30","type":"github"},"original":{"owner":"caelestia-dots","repo":"shell","type":"github"}},"chatgpt-desktop":{"inputs":{"nixpkgs":["nixpkgs"]},"locked":{"lastModified":1786772986,"narHash":"sha256-Ug/kCvr7u5tWlqmOj6fpTBsK5RNaZuJEbA3GaTPaH5U=","owner":"poeck","repo":"chatgpt-desktop-app-nix-flake","rev":"f63a14ab4d1a4ee46c524b004952305a92ee9d2e","type":"github"},"original":{"owner":"poeck","repo":"chatgpt-desktop-app-nix-flake","type":"github"}},"claude-desktop":{"inputs":{"flake-utils":"flake-utils","nixpkgs":["nixpkgs"]},"locked":{"lastModified":1786356622,"narHash":"sha256-re57oCqTBvd6rmNJSTcWKZOcvEAsgwwk3IycBhPMhbI=","owner":"heytcass","repo":"claude-desktop-linux-flake","rev":"2a37ed4070010f012749a307a022fddaf3d58348","type":"github"},"original":{"owner":"heytcass","repo":"claude-desktop-linux-flake","type":"github"}},"codexbar":{"inputs":{"nixpkgs":["nixpkgs"]},"locked":{"lastModified":1786798772,"narHash":"sha256-oZd/OipKrywPTQsbg3twcggrikbY3brkBtvEGPZRClg=","owner":"alioguzhan","repo":"codexbar-flake","rev":"c07c4883bd100163d7dfb538ae0c6cea451a74d6","type":"github"},"original":{"owner":"alioguzhan","repo":"codexbar-flake","type":"github"}},"codexbar-ui-src":{"flake":false,"locked":{"lastModified":1785541205,"narHash":"sha256-KgjvxfJO0v3K2z2h6FMGMpJIs4WNJmMhVSVgPTSLeKA=","owner":"Marouan-chak","repo":"codexbar-waybar","rev":"474b4a292c14ba72d5ee2941d73cecd2258035c1","type":"github"},"original":{"owner":"Marouan-chak","repo":"codexbar-waybar","type":"github"}},"flake-parts":{"inputs":{"nixpkgs-lib":["llm-agents","nixpkgs"]},"locked":{"lastModified":1785627969,"narHash":"sha256-4dtXQk/NMePegK/nWp5NSeuZKLATItOq61lpEvmXqGw=","owner":"hercules-ci","repo":"flake-parts","rev":"427bf4bd9435fdf21321c8cc628c24efc14c0f7a","type":"github"},"original":{"owner":"hercules-ci","repo":"flake-parts","type":"github"}},"flake-utils":{"inputs":{"systems":"systems"},"locked":{"lastModified":1731533236,"narHash":"sha256-l0KFg5HjrsfsO/JpG+r7fRrqm12kzFHyUHqHCVpMMbI=","owner":"numtide","repo":"flake-utils","rev":"11707dc2f618dd54ca8739b309ec4fc024de578b","type":"github"},"original":{"owner":"numtide","repo":"flake-utils","type":"github"}},"helium":{"inputs":{"nixpkgs":["nixpkgs"],"nixpkgs-darwin":"nixpkgs-darwin","utils":"utils"},"locked":{"lastModified":1786641321,"narHash":"sha256-ildAt3Bt9IqADHN5mQ9g0kO5l9fDkJ3huk5N9HHNGvk=","owner":"schembriaiden","repo":"helium-browser-nix-flake","rev":"8a9a0c56848458b6954951cb7bc4711f9141bd3f","type":"github"},"original":{"owner":"schembriaiden","repo":"helium-browser-nix-flake","type":"github"}},"home-manager":{"inputs":{"nixpkgs":["nixpkgs"]},"locked":{"lastModified":1786826571,"narHash":"sha256-nNqmXIFmESRnU91KARtiekSox0+o+E3AS0d1TuUQ/9o=","owner":"nix-community","repo":"home-manager","rev":"c8058ecc1329a71a3c99c4d0353dba4009a66152","type":"github"},"original":{"owner":"nix-community","repo":"home-manager","type":"github"}},"llm-agents":{"inputs":{"bun2nix":"bun2nix","flake-parts":"flake-parts","nixpkgs":"nixpkgs","systems":"systems_3","treefmt-nix":"treefmt-nix"},"locked":{"lastModified":1786829433,"narHash":"sha256-QASn4GdqaRNyH7dc409qtrDIueVQEvvP+pBcozGqhME=","owner":"numtide","repo":"llm-agents.nix","rev":"7a858da54f073b3db8a4d85a02a397086d9c285e","type":"github"},"original":{"owner":"numtide","repo":"llm-agents.nix","type":"github"}},"m3shapes":{"flake":false,"locked":{"lastModified":1781017666,"narHash":"sha256-kfHyzZaPHgqZML48OA+5JwBOsLdQJ2ci/aGPShvUB4Y=","owner":"soramanew","repo":"m3shapes","rev":"bdc327b29f95394a732baf3c9b19658ba23755b6","type":"github"},"original":{"owner":"soramanew","repo":"m3shapes","rev":"bdc327b29f95394a732baf3c9b19658ba23755b6","type":"github"}},"nixpkgs":{"locked":{"lastModified":1786593342,"narHash":"sha256-smTKQXMLLStzc8zJevMCckbk3My7SvbbLmPYZUJJKW4=","owner":"NixOS","repo":"nixpkgs","rev":"6b5e5b7a6631f065bf6908986990b37d845f847f","type":"github"},"original":{"owner":"NixOS","ref":"nixpkgs-unstable","repo":"nixpkgs","type":"github"}},"nixpkgs-darwin":{"locked":{"lastModified":1786444855,"narHash":"sha256-Uu0Qa0gg5Ztgl7EYhAEIDy0jJioPPP43zLqSNoMlAV4=","owner":"NixOS","repo":"nixpkgs","rev":"2e49fce950fece113519c5d75da869601d01550f","type":"github"},"original":{"owner":"NixOS","ref":"nixpkgs-26.05-darwin","repo":"nixpkgs","type":"github"}},"nixpkgs_2":{"locked":{"lastModified":1786599213,"narHash":"sha256-yNJd40f11EzXBjSByCB7IPpeFFAdeoSKKM67dGkfFoU=","owner":"NixOS","repo":"nixpkgs","rev":"0e251e24a4f24e036a084b6b4b2d2491af4167f4","type":"github"},"original":{"owner":"NixOS","ref":"nixos-unstable","repo":"nixpkgs","type":"github"}},"quickshell":{"inputs":{"nixpkgs":["caelestia-shell","nixpkgs"]},"locked":{"lastModified":1785704021,"narHash":"sha256-eQtczKMAS4ItlB4pr1B3MqBZiyRVl2nkqNdtyRSQMa8=","ref":"refs/heads/master","rev":"28771c7c74b42e20afca0b1b63980cb46515537c","revCount":835,"type":"git","url":"https://git.outfoxxed.me/outfoxxed/quickshell"},"original":{"type":"git","url":"https://git.outfoxxed.me/outfoxxed/quickshell"}},"root":{"inputs":{"caelestia-shell":"caelestia-shell","chatgpt-desktop":"chatgpt-desktop","claude-desktop":"claude-desktop","codexbar":"codexbar","codexbar-ui-src":"codexbar-ui-src","helium":"helium","home-manager":"home-manager","llm-agents":"llm-agents","nixpkgs":"nixpkgs_2","sops-nix":"sops-nix","spicetify-nix":"spicetify-nix","zen-browser":"zen-browser"}},"sops-nix":{"inputs":{"nixpkgs":["nixpkgs"]},"locked":{"lastModified":1777944972,"narHash":"sha256-VfGRo1qTBKOe3s2gOv8LSoA6Fk19PvBlwQ1ECN0Evn8=","owner":"Mic92","repo":"sops-nix","rev":"c591bf665727040c6cc5cb409079acb22dcce33c","type":"github"},"original":{"owner":"Mic92","repo":"sops-nix","rev":"c591bf665727040c6cc5cb409079acb22dcce33c","type":"github"}},"spicetify-nix":{"inputs":{"nixpkgs":["nixpkgs"],"systems":"systems_4"},"locked":{"lastModified":1786613850,"narHash":"sha256-ZWdtzl8LSRFxJTvh00Vgw1oE6p3G3JpopYbQnXok8VQ=","owner":"Gerg-L","repo":"spicetify-nix","rev":"c900155108f79f8ed6a29a8ed32c23494ce13415","type":"github"},"original":{"owner":"Gerg-L","repo":"spicetify-nix","type":"github"}},"systems":{"locked":{"lastModified":1681028828,"narHash":"sha256-Vy1rq5AaRuLzOxct8nz4T6wlgyUR7zLU309k9mBC768=","owner":"nix-systems","repo":"default","rev":"da67096a3b9bf56a91d16901293e51ba5b49a27e","type":"github"},"original":{"owner":"nix-systems","repo":"default","type":"github"}},"systems_2":{"locked":{"lastModified":1681028828,"narHash":"sha256-Vy1rq5AaRuLzOxct8nz4T6wlgyUR7zLU309k9mBC768=","owner":"nix-systems","repo":"default","rev":"da67096a3b9bf56a91d16901293e51ba5b49a27e","type":"github"},"original":{"owner":"nix-systems","repo":"default","type":"github"}},"systems_3":{"locked":{"lastModified":1681028828,"narHash":"sha256-Vy1rq5AaRuLzOxct8nz4T6wlgyUR7zLU309k9mBC768=","owner":"nix-systems","repo":"default","rev":"da67096a3b9bf56a91d16901293e51ba5b49a27e","type":"github"},"original":{"owner":"nix-systems","repo":"default","type":"github"}},"systems_4":{"locked":{"lastModified":1681028828,"narHash":"sha256-Vy1rq5AaRuLzOxct8nz4T6wlgyUR7zLU309k9mBC768=","owner":"nix-systems","repo":"default","rev":"da67096a3b9bf56a91d16901293e51ba5b49a27e","type":"github"},"original":{"owner":"nix-systems","repo":"default","type":"github"}},"treefmt-nix":{"inputs":{"nixpkgs":["llm-agents","nixpkgs"]},"locked":{"lastModified":1785945821,"narHash":"sha256-NLSyTCW4K4ofhNBllt3omPasm6QpralXH1DBZOc91Dw=","owner":"numtide","repo":"treefmt-nix","rev":"ae7910970dddc408fe6ab1c8e4b277bb21d72dc0","type":"github"},"original":{"owner":"numtide","repo":"treefmt-nix","type":"github"}},"utils":{"inputs":{"systems":"systems_2"},"locked":{"lastModified":1731533236,"narHash":"sha256-l0KFg5HjrsfsO/JpG+r7fRrqm12kzFHyUHqHCVpMMbI=","owner":"numtide","repo":"flake-utils","rev":"11707dc2f618dd54ca8739b309ec4fc024de578b","type":"github"},"original":{"owner":"numtide","repo":"flake-utils","type":"github"}},"zen-browser":{"inputs":{"home-manager":["home-manager"],"nixpkgs":["nixpkgs"]},"locked":{"lastModified":1786824713,"narHash":"sha256-blAdlYVgNj2KscYgNv/6Su0P9p29P+Vo7Jq/HqRGMW0=","owner":"0xc000022070","repo":"zen-browser-flake","rev":"399b63846cc02625e8f4614c195d72294ff3e510","type":"github"},"original":{"owner":"0xc000022070","repo":"zen-browser-flake","type":"github"}}},"root":"root","version":7}
